// !$*UTF8*$!
{
	archiveVersion = 1;
	classes = {
	};
	objectVersion = 50;
	objects = {

/* Begin PBXBuildFile section */
		FCC1666224378CC200BFBC05 /* AppDelegate.swift in Sources */ = {isa = PBXBuildFile; fileRef = FCC1666124378CC200BFBC05 /* AppDelegate.swift */; };
		FCC1666424378CC200BFBC05 /* SceneDelegate.swift in Sources */ = {isa = PBXBuildFile; fileRef = FCC1666324378CC200BFBC05 /* SceneDelegate.swift */; };
		FCC1666624378CC200BFBC05 /* LoginVC.swift in Sources */ = {isa = PBXBuildFile; fileRef = FCC1666524378CC200BFBC05 /* LoginVC.swift */; };
		FCC1666924378CC200BFBC05 /* Login.storyboard in Resources */ = {isa = PBXBuildFile; fileRef = FCC1666724378CC200BFBC05 /* Login.storyboard */; };
		FCC1666B24378CC300BFBC05 /* Assets.xcassets in Resources */ = {isa = PBXBuildFile; fileRef = FCC1666A24378CC300BFBC05 /* Assets.xcassets */; };
		FCC1666E24378CC300BFBC05 /* LaunchScreen.storyboard in Resources */ = {isa = PBXBuildFile; fileRef = FCC1666C24378CC300BFBC05 /* LaunchScreen.storyboard */; };
		FCC1668024380FC000BFBC05 /* CustomUIButton.swift in Sources */ = {isa = PBXBuildFile; fileRef = FCC1667F24380FC000BFBC05 /* CustomUIButton.swift */; };
		FCC166822438103B00BFBC05 /* CustomUIView.swift in Sources */ = {isa = PBXBuildFile; fileRef = FCC166812438103B00BFBC05 /* CustomUIView.swift */; };
		FCC1668524381FDF00BFBC05 /* AlertMessage.swift in Sources */ = {isa = PBXBuildFile; fileRef = FCC1668424381FDF00BFBC05 /* AlertMessage.swift */; };
		FCC1668F2438745E00BFBC05 /* TabBar.storyboard in Resources */ = {isa = PBXBuildFile; fileRef = FCC1668E2438745E00BFBC05 /* TabBar.storyboard */; };
		FCC166962438764600BFBC05 /* Home.storyboard in Resources */ = {isa = PBXBuildFile; fileRef = FCC166952438764600BFBC05 /* Home.storyboard */; };
		FCC16698243876DD00BFBC05 /* HomeVC.swift in Sources */ = {isa = PBXBuildFile; fileRef = FCC16697243876DD00BFBC05 /* HomeVC.swift */; };
		FCC1669A243879FB00BFBC05 /* TitleCell.xib in Resources */ = {isa = PBXBuildFile; fileRef = FCC16699243879FB00BFBC05 /* TitleCell.xib */; };
		FCC1669E2438804200BFBC05 /* LocalStatusCell.xib in Resources */ = {isa = PBXBuildFile; fileRef = FCC1669D2438804200BFBC05 /* LocalStatusCell.xib */; };
		FCC166A024388C3300BFBC05 /* CardView.swift in Sources */ = {isa = PBXBuildFile; fileRef = FCC1669F24388C3300BFBC05 /* CardView.swift */; };
		FCC166A324389C0E00BFBC05 /* ApiService.swift in Sources */ = {isa = PBXBuildFile; fileRef = FCC166A224389C0D00BFBC05 /* ApiService.swift */; };
		FCC166A6243937A800BFBC05 /* CovidCountryModel.swift in Sources */ = {isa = PBXBuildFile; fileRef = FCC166A5243937A800BFBC05 /* CovidCountryModel.swift */; };
		FCC166A924393CB400BFBC05 /* LocalStatusModel.swift in Sources */ = {isa = PBXBuildFile; fileRef = FCC166A824393CB400BFBC05 /* LocalStatusModel.swift */; };
		FCFFFFD624393FC000650FEB /* LocalStatusCell.swift in Sources */ = {isa = PBXBuildFile; fileRef = FCFFFFD524393FC000650FEB /* LocalStatusCell.swift */; };
		FCFFFFD82439451600650FEB /* LocalStatus.swift in Sources */ = {isa = PBXBuildFile; fileRef = FCFFFFD72439451600650FEB /* LocalStatus.swift */; };
		FCFFFFDB2439487A00650FEB /* DateFormatter.swift in Sources */ = {isa = PBXBuildFile; fileRef = FCFFFFDA2439487A00650FEB /* DateFormatter.swift */; };
		FCFFFFE1243953CD00650FEB /* TitleCell.swift in Sources */ = {isa = PBXBuildFile; fileRef = FCFFFFE0243953CD00650FEB /* TitleCell.swift */; };
		FCFFFFE32439569600650FEB /* SubTitleWorldCell.xib in Resources */ = {isa = PBXBuildFile; fileRef = FCFFFFE22439569600650FEB /* SubTitleWorldCell.xib */; };
		FCFFFFE524395ABE00650FEB /* WorldStatusCell.xib in Resources */ = {isa = PBXBuildFile; fileRef = FCFFFFE424395ABE00650FEB /* WorldStatusCell.xib */; };
/* End PBXBuildFile section */

/* Begin PBXFileReference section */
		FCC1665E24378CC200BFBC05 /* Covid19 Monitoring.app */ = {isa = PBXFileReference; explicitFileType = wrapper.application; includeInIndex = 0; path = "Covid19 Monitoring.app"; sourceTree = BUILT_PRODUCTS_DIR; };
		FCC1666124378CC200BFBC05 /* AppDelegate.swift */ = {isa = PBXFileReference; lastKnownFileType = sourcecode.swift; path = AppDelegate.swift; sourceTree = "<group>"; };
		FCC1666324378CC200BFBC05 /* SceneDelegate.swift */ = {isa = PBXFileReference; lastKnownFileType = sourcecode.swift; path = SceneDelegate.swift; sourceTree = "<group>"; };
		FCC1666524378CC200BFBC05 /* LoginVC.swift */ = {isa = PBXFileReference; lastKnownFileType = sourcecode.swift; path = LoginVC.swift; sourceTree = "<group>"; };
		FCC1666824378CC200BFBC05 /* Base */ = {isa = PBXFileReference; lastKnownFileType = file.storyboard; name = Base; path = Base.lproj/Login.storyboard; sourceTree = "<group>"; };
		FCC1666A24378CC300BFBC05 /* Assets.xcassets */ = {isa = PBXFileReference; lastKnownFileType = folder.assetcatalog; path = Assets.xcassets; sourceTree = "<group>"; };
		FCC1666D24378CC300BFBC05 /* Base */ = {isa = PBXFileReference; lastKnownFileType = file.storyboard; name = Base; path = Base.lproj/LaunchScreen.storyboard; sourceTree = "<group>"; };
		FCC1666F24378CC300BFBC05 /* Info.plist */ = {isa = PBXFileReference; lastKnownFileType = text.plist.xml; path = Info.plist; sourceTree = "<group>"; };
		FCC1667F24380FC000BFBC05 /* CustomUIButton.swift */ = {isa = PBXFileReference; lastKnownFileType = sourcecode.swift; path = CustomUIButton.swift; sourceTree = "<group>"; };
		FCC166812438103B00BFBC05 /* CustomUIView.swift */ = {isa = PBXFileReference; lastKnownFileType = sourcecode.swift; path = CustomUIView.swift; sourceTree = "<group>"; };
		FCC1668424381FDF00BFBC05 /* AlertMessage.swift */ = {isa = PBXFileReference; lastKnownFileType = sourcecode.swift; path = AlertMessage.swift; sourceTree = "<group>"; };
		FCC1668E2438745E00BFBC05 /* TabBar.storyboard */ = {isa = PBXFileReference; lastKnownFileType = file.storyboard; path = TabBar.storyboard; sourceTree = "<group>"; };
		FCC166952438764600BFBC05 /* Home.storyboard */ = {isa = PBXFileReference; fileEncoding = 4; lastKnownFileType = file.storyboard; name = Home.storyboard; path = "Covid19 Monitoring/TabBar/View/Home.storyboard"; sourceTree = SOURCE_ROOT; };
		FCC16697243876DD00BFBC05 /* HomeVC.swift */ = {isa = PBXFileReference; lastKnownFileType = sourcecode.swift; path = HomeVC.swift; sourceTree = "<group>"; };
		FCC16699243879FB00BFBC05 /* TitleCell.xib */ = {isa = PBXFileReference; lastKnownFileType = file.xib; path = TitleCell.xib; sourceTree = "<group>"; };
		FCC1669D2438804200BFBC05 /* LocalStatusCell.xib */ = {isa = PBXFileReference; lastKnownFileType = file.xib; path = LocalStatusCell.xib; sourceTree = "<group>"; };
		FCC1669F24388C3300BFBC05 /* CardView.swift */ = {isa = PBXFileReference; lastKnownFileType = sourcecode.swift; path = CardView.swift; sourceTree = "<group>"; };
		FCC166A224389C0D00BFBC05 /* ApiService.swift */ = {isa = PBXFileReference; lastKnownFileType = sourcecode.swift; path = ApiService.swift; sourceTree = "<group>"; };
		FCC166A5243937A800BFBC05 /* CovidCountryModel.swift */ = {isa = PBXFileReference; lastKnownFileType = sourcecode.swift; path = CovidCountryModel.swift; sourceTree = "<group>"; };
		FCC166A824393CB400BFBC05 /* LocalStatusModel.swift */ = {isa = PBXFileReference; lastKnownFileType = sourcecode.swift; path = LocalStatusModel.swift; sourceTree = "<group>"; };
		FCFFFFD524393FC000650FEB /* LocalStatusCell.swift */ = {isa = PBXFileReference; lastKnownFileType = sourcecode.swift; path = LocalStatusCell.swift; sourceTree = "<group>"; };
		FCFFFFD72439451600650FEB /* LocalStatus.swift */ = {isa = PBXFileReference; lastKnownFileType = sourcecode.swift; path = LocalStatus.swift; sourceTree = "<group>"; };
		FCFFFFDA2439487A00650FEB /* DateFormatter.swift */ = {isa = PBXFileReference; lastKnownFileType = sourcecode.swift; path = DateFormatter.swift; sourceTree = "<group>"; };
		FCFFFFE0243953CD00650FEB /* TitleCell.swift */ = {isa = PBXFileReference; lastKnownFileType = sourcecode.swift; path = TitleCell.swift; sourceTree = "<group>"; };
		FCFFFFE22439569600650FEB /* SubTitleWorldCell.xib */ = {isa = PBXFileReference; lastKnownFileType = file.xib; path = SubTitleWorldCell.xib; sourceTree = "<group>"; };
		FCFFFFE424395ABE00650FEB /* WorldStatusCell.xib */ = {isa = PBXFileReference; lastKnownFileType = file.xib; path = WorldStatusCell.xib; sourceTree = "<group>"; };
/* End PBXFileReference section */

/* Begin PBXFrameworksBuildPhase section */
		FCC1665B24378CC200BFBC05 /* Frameworks */ = {
			isa = PBXFrameworksBuildPhase;
			buildActionMask = 2147483647;
			files = (
			);
			runOnlyForDeploymentPostprocessing = 0;
		};
/* End PBXFrameworksBuildPhase section */

/* Begin PBXGroup section */
		FCC1665524378CC200BFBC05 = {
			isa = PBXGroup;
			children = (
				FCC1666024378CC200BFBC05 /* Covid19 Monitoring */,
				FCC1665F24378CC200BFBC05 /* Products */,
			);
			sourceTree = "<group>";
		};
		FCC1665F24378CC200BFBC05 /* Products */ = {
			isa = PBXGroup;
			children = (
				FCC1665E24378CC200BFBC05 /* Covid19 Monitoring.app */,
			);
			name = Products;
			sourceTree = "<group>";
		};
		FCC1666024378CC200BFBC05 /* Covid19 Monitoring */ = {
			isa = PBXGroup;
			children = (
				FCC166902438756300BFBC05 /* Home */,
				FCC1668B2438741300BFBC05 /* TabBar */,
				FCC1667B24380ED900BFBC05 /* Login */,
				FCC166A124389BAF00BFBC05 /* Networks */,
				FCC1668324381EC000BFBC05 /* Helpers */,
				FCC1667E24380F8600BFBC05 /* CustomViews */,
				FCC1667A24380E9400BFBC05 /* SupportingFiles */,
				FCC1666A24378CC300BFBC05 /* Assets.xcassets */,
				FCC1666F24378CC300BFBC05 /* Info.plist */,
			);
			path = "Covid19 Monitoring";
			sourceTree = "<group>";
		};
		FCC1667A24380E9400BFBC05 /* SupportingFiles */ = {
			isa = PBXGroup;
			children = (
				FCC1666C24378CC300BFBC05 /* LaunchScreen.storyboard */,
				FCC1666124378CC200BFBC05 /* AppDelegate.swift */,
				FCC1666324378CC200BFBC05 /* SceneDelegate.swift */,
			);
			path = SupportingFiles;
			sourceTree = "<group>";
		};
		FCC1667B24380ED900BFBC05 /* Login */ = {
			isa = PBXGroup;
			children = (
				FCC1667C24380EDD00BFBC05 /* View */,
				FCC1667D24380EE200BFBC05 /* Controller */,
			);
			path = Login;
			sourceTree = "<group>";
		};
		FCC1667C24380EDD00BFBC05 /* View */ = {
			isa = PBXGroup;
			children = (
				FCC1666724378CC200BFBC05 /* Login.storyboard */,
			);
			path = View;
			sourceTree = "<group>";
		};
		FCC1667D24380EE200BFBC05 /* Controller */ = {
			isa = PBXGroup;
			children = (
				FCC1666524378CC200BFBC05 /* LoginVC.swift */,
			);
			path = Controller;
			sourceTree = "<group>";
		};
		FCC1667E24380F8600BFBC05 /* CustomViews */ = {
			isa = PBXGroup;
			children = (
				FCC166812438103B00BFBC05 /* CustomUIView.swift */,
				FCC1667F24380FC000BFBC05 /* CustomUIButton.swift */,
				FCC1669F24388C3300BFBC05 /* CardView.swift */,
			);
			path = CustomViews;
			sourceTree = "<group>";
		};
		FCC1668324381EC000BFBC05 /* Helpers */ = {
			isa = PBXGroup;
			children = (
				FCC1668424381FDF00BFBC05 /* AlertMessage.swift */,
				FCFFFFDA2439487A00650FEB /* DateFormatter.swift */,
			);
			path = Helpers;
			sourceTree = "<group>";
		};
		FCC1668B2438741300BFBC05 /* TabBar */ = {
			isa = PBXGroup;
			children = (
				FCC1668D2438744900BFBC05 /* View */,
				FCC1668C2438743C00BFBC05 /* Controller */,
			);
			path = TabBar;
			sourceTree = "<group>";
		};
		FCC1668C2438743C00BFBC05 /* Controller */ = {
			isa = PBXGroup;
			children = (
			);
			path = Controller;
			sourceTree = "<group>";
		};
		FCC1668D2438744900BFBC05 /* View */ = {
			isa = PBXGroup;
			children = (
				FCC1668E2438745E00BFBC05 /* TabBar.storyboard */,
			);
			path = View;
			sourceTree = "<group>";
		};
		FCC166902438756300BFBC05 /* Home */ = {
			isa = PBXGroup;
			children = (
				FCFFFFD92439461F00650FEB /* Constants */,
				FCC166A724393C7700BFBC05 /* Model */,
				FCC166922438757300BFBC05 /* View */,
				FCC166912438756D00BFBC05 /* Controller */,
			);
			path = Home;
			sourceTree = "<group>";
		};
		FCC166912438756D00BFBC05 /* Controller */ = {
			isa = PBXGroup;
			children = (
				FCC16697243876DD00BFBC05 /* HomeVC.swift */,
				FCFFFFE0243953CD00650FEB /* TitleCell.swift */,
				FCFFFFD524393FC000650FEB /* LocalStatusCell.swift */,
			);
			path = Controller;
			sourceTree = "<group>";
		};
		FCC166922438757300BFBC05 /* View */ = {
			isa = PBXGroup;
			children = (
				FCC166952438764600BFBC05 /* Home.storyboard */,
				FCC16699243879FB00BFBC05 /* TitleCell.xib */,
				FCC1669D2438804200BFBC05 /* LocalStatusCell.xib */,
				FCFFFFE22439569600650FEB /* SubTitleWorldCell.xib */,
				FCFFFFE424395ABE00650FEB /* WorldStatusCell.xib */,
			);
			path = View;
			sourceTree = "<group>";
		};
		FCC166A124389BAF00BFBC05 /* Networks */ = {
			isa = PBXGroup;
			children = (
				FCC166A42439352300BFBC05 /* Model */,
				FCC166A224389C0D00BFBC05 /* ApiService.swift */,
			);
			path = Networks;
			sourceTree = "<group>";
		};
		FCC166A42439352300BFBC05 /* Model */ = {
			isa = PBXGroup;
			children = (
				FCC166A5243937A800BFBC05 /* CovidCountryModel.swift */,
			);
			path = Model;
			sourceTree = "<group>";
		};
		FCC166A724393C7700BFBC05 /* Model */ = {
			isa = PBXGroup;
			children = (
				FCC166A824393CB400BFBC05 /* LocalStatusModel.swift */,
			);
			path = Model;
			sourceTree = "<group>";
		};
		FCFFFFD92439461F00650FEB /* Constants */ = {
			isa = PBXGroup;
			children = (
				FCFFFFD72439451600650FEB /* LocalStatus.swift */,
			);
			path = Constants;
			sourceTree = "<group>";
		};
/* End PBXGroup section */

/* Begin PBXNativeTarget section */
		FCC1665D24378CC200BFBC05 /* Covid19 Monitoring */ = {
			isa = PBXNativeTarget;
			buildConfigurationList = FCC1667224378CC300BFBC05 /* Build configuration list for PBXNativeTarget "Covid19 Monitoring" */;
			buildPhases = (
				FCC1665A24378CC200BFBC05 /* Sources */,
				FCC1665B24378CC200BFBC05 /* Frameworks */,
				FCC1665C24378CC200BFBC05 /* Resources */,
			);
			buildRules = (
			);
			dependencies = (
			);
			name = "Covid19 Monitoring";
			productName = "Covid19 Monitoring";
			productReference = FCC1665E24378CC200BFBC05 /* Covid19 Monitoring.app */;
			productType = "com.apple.product-type.application";
		};
/* End PBXNativeTarget section */

/* Begin PBXProject section */
		FCC1665624378CC200BFBC05 /* Project object */ = {
			isa = PBXProject;
			attributes = {
				LastSwiftUpdateCheck = 1140;
				LastUpgradeCheck = 1140;
				ORGANIZATIONNAME = omrobbie;
				TargetAttributes = {
					FCC1665D24378CC200BFBC05 = {
						CreatedOnToolsVersion = 11.4;
					};
				};
			};
			buildConfigurationList = FCC1665924378CC200BFBC05 /* Build configuration list for PBXProject "Covid19 Monitoring" */;
			compatibilityVersion = "Xcode 9.3";
			developmentRegion = en;
			hasScannedForEncodings = 0;
			knownRegions = (
				en,
				Base,
			);
			mainGroup = FCC1665524378CC200BFBC05;
			productRefGroup = FCC1665F24378CC200BFBC05 /* Products */;
			projectDirPath = "";
			projectRoot = "";
			targets = (
				FCC1665D24378CC200BFBC05 /* Covid19 Monitoring */,
			);
		};
/* End PBXProject section */

/* Begin PBXResourcesBuildPhase section */
		FCC1665C24378CC200BFBC05 /* Resources */ = {
			isa = PBXResourcesBuildPhase;
			buildActionMask = 2147483647;
			files = (
				FCC1668F2438745E00BFBC05 /* TabBar.storyboard in Resources */,
				FCFFFFE32439569600650FEB /* SubTitleWorldCell.xib in Resources */,
				FCFFFFE524395ABE00650FEB /* WorldStatusCell.xib in Resources */,
				FCC1669E2438804200BFBC05 /* LocalStatusCell.xib in Resources */,
				FCC166962438764600BFBC05 /* Home.storyboard in Resources */,
				FCC1669A243879FB00BFBC05 /* TitleCell.xib in Resources */,
				FCC1666E24378CC300BFBC05 /* LaunchScreen.storyboard in Resources */,
				FCC1666B24378CC300BFBC05 /* Assets.xcassets in Resources */,
				FCC1666924378CC200BFBC05 /* Login.storyboard in Resources */,
			);
			runOnlyForDeploymentPostprocessing = 0;
		};
/* End PBXResourcesBuildPhase section */

/* Begin PBXSourcesBuildPhase section */
		FCC1665A24378CC200BFBC05 /* Sources */ = {
			isa = PBXSourcesBuildPhase;
			buildActionMask = 2147483647;
			files = (
				FCC166A924393CB400BFBC05 /* LocalStatusModel.swift in Sources */,
				FCC1668024380FC000BFBC05 /* CustomUIButton.swift in Sources */,
				FCC166822438103B00BFBC05 /* CustomUIView.swift in Sources */,
				FCC166A6243937A800BFBC05 /* CovidCountryModel.swift in Sources */,
				FCC1666624378CC200BFBC05 /* LoginVC.swift in Sources */,
				FCC16698243876DD00BFBC05 /* HomeVC.swift in Sources */,
				FCFFFFDB2439487A00650FEB /* DateFormatter.swift in Sources */,
				FCC1666224378CC200BFBC05 /* AppDelegate.swift in Sources */,
				FCFFFFD82439451600650FEB /* LocalStatus.swift in Sources */,
				FCC166A324389C0E00BFBC05 /* ApiService.swift in Sources */,
				FCC1668524381FDF00BFBC05 /* AlertMessage.swift in Sources */,
				FCC166A024388C3300BFBC05 /* CardView.swift in Sources */,
				FCFFFFE1243953CD00650FEB /* TitleCell.swift in Sources */,
				FCC1666424378CC200BFBC05 /* SceneDelegate.swift in Sources */,
				FCFFFFD624393FC000650FEB /* LocalStatusCell.swift in Sources */,
			);
			runOnlyForDeploymentPostprocessing = 0;
		};
/* End PBXSourcesBuildPhase section */

/* Begin PBXVariantGroup section */
		FCC1666724378CC200BFBC05 /* Login.storyboard */ = {
			isa = PBXVariantGroup;
			children = (
				FCC1666824378CC200BFBC05 /* Base */,
			);
			name = Login.storyboard;
			sourceTree = "<group>";
		};
		FCC1666C24378CC300BFBC05 /* LaunchScreen.storyboard */ = {
			isa = PBXVariantGroup;
			children = (
				FCC1666D24378CC300BFBC05 /* Base */,
			);
			name = LaunchScreen.storyboard;
			sourceTree = "<group>";
		};
/* End PBXVariantGroup section */

/* Begin XCBuildConfiguration section */
		FCC1667024378CC300BFBC05 /* Debug */ = {
			isa = XCBuildConfiguration;
			buildSettings = {
				ALWAYS_SEARCH_USER_PATHS = NO;
				CLANG_ANALYZER_NONNULL = YES;
				CLANG_ANALYZER_NUMBER_OBJECT_CONVERSION = YES_AGGRESSIVE;
				CLANG_CXX_LANGUAGE_STANDARD = "gnu++14";
				CLANG_CXX_LIBRARY = "libc++";
				CLANG_ENABLE_MODULES = YES;
				CLANG_ENABLE_OBJC_ARC = YES;
				CLANG_ENABLE_OBJC_WEAK = YES;
				CLANG_WARN_BLOCK_CAPTURE_AUTORELEASING = YES;
				CLANG_WARN_BOOL_CONVERSION = YES;
				CLANG_WARN_COMMA = YES;
				CLANG_WARN_CONSTANT_CONVERSION = YES;
				CLANG_WARN_DEPRECATED_OBJC_IMPLEMENTATIONS = YES;
				CLANG_WARN_DIRECT_OBJC_ISA_USAGE = YES_ERROR;
				CLANG_WARN_DOCUMENTATION_COMMENTS = YES;
				CLANG_WARN_EMPTY_BODY = YES;
				CLANG_WARN_ENUM_CONVERSION = YES;
				CLANG_WARN_INFINITE_RECURSION = YES;
				CLANG_WARN_INT_CONVERSION = YES;
				CLANG_WARN_NON_LITERAL_NULL_CONVERSION = YES;
				CLANG_WARN_OBJC_IMPLICIT_RETAIN_SELF = YES;
				CLANG_WARN_OBJC_LITERAL_CONVERSION = YES;
				CLANG_WARN_OBJC_ROOT_CLASS = YES_ERROR;
				CLANG_WARN_RANGE_LOOP_ANALYSIS = YES;
				CLANG_WARN_STRICT_PROTOTYPES = YES;
				CLANG_WARN_SUSPICIOUS_MOVE = YES;
				CLANG_WARN_UNGUARDED_AVAILABILITY = YES_AGGRESSIVE;
				CLANG_WARN_UNREACHABLE_CODE = YES;
				CLANG_WARN__DUPLICATE_METHOD_MATCH = YES;
				COPY_PHASE_STRIP = NO;
				DEBUG_INFORMATION_FORMAT = dwarf;
				ENABLE_STRICT_OBJC_MSGSEND = YES;
				ENABLE_TESTABILITY = YES;
				GCC_C_LANGUAGE_STANDARD = gnu11;
				GCC_DYNAMIC_NO_PIC = NO;
				GCC_NO_COMMON_BLOCKS = YES;
				GCC_OPTIMIZATION_LEVEL = 0;
				GCC_PREPROCESSOR_DEFINITIONS = (
					"DEBUG=1",
					"$(inherited)",
				);
				GCC_WARN_64_TO_32_BIT_CONVERSION = YES;
				GCC_WARN_ABOUT_RETURN_TYPE = YES_ERROR;
				GCC_WARN_UNDECLARED_SELECTOR = YES;
				GCC_WARN_UNINITIALIZED_AUTOS = YES_AGGRESSIVE;
				GCC_WARN_UNUSED_FUNCTION = YES;
				GCC_WARN_UNUSED_VARIABLE = YES;
				IPHONEOS_DEPLOYMENT_TARGET = 13.4;
				MTL_ENABLE_DEBUG_INFO = INCLUDE_SOURCE;
				MTL_FAST_MATH = YES;
				ONLY_ACTIVE_ARCH = YES;
				SDKROOT = iphoneos;
				SWIFT_ACTIVE_COMPILATION_CONDITIONS = DEBUG;
				SWIFT_OPTIMIZATION_LEVEL = "-Onone";
			};
			name = Debug;
		};
		FCC1667124378CC300BFBC05 /* Release */ = {
			isa = XCBuildConfiguration;
			buildSettings = {
				ALWAYS_SEARCH_USER_PATHS = NO;
				CLANG_ANALYZER_NONNULL = YES;
				CLANG_ANALYZER_NUMBER_OBJECT_CONVERSION = YES_AGGRESSIVE;
				CLANG_CXX_LANGUAGE_STANDARD = "gnu++14";
				CLANG_CXX_LIBRARY = "libc++";
				CLANG_ENABLE_MODULES = YES;
				CLANG_ENABLE_OBJC_ARC = YES;
				CLANG_ENABLE_OBJC_WEAK = YES;
				CLANG_WARN_BLOCK_CAPTURE_AUTORELEASING = YES;
				CLANG_WARN_BOOL_CONVERSION = YES;
				CLANG_WARN_COMMA = YES;
				CLANG_WARN_CONSTANT_CONVERSION = YES;
				CLANG_WARN_DEPRECATED_OBJC_IMPLEMENTATIONS = YES;
				CLANG_WARN_DIRECT_OBJC_ISA_USAGE = YES_ERROR;
				CLANG_WARN_DOCUMENTATION_COMMENTS = YES;
				CLANG_WARN_EMPTY_BODY = YES;
				CLANG_WARN_ENUM_CONVERSION = YES;
				CLANG_WARN_INFINITE_RECURSION = YES;
				CLANG_WARN_INT_CONVERSION = YES;
				CLANG_WARN_NON_LITERAL_NULL_CONVERSION = YES;
				CLANG_WARN_OBJC_IMPLICIT_RETAIN_SELF = YES;
				CLANG_WARN_OBJC_LITERAL_CONVERSION = YES;
				CLANG_WARN_OBJC_ROOT_CLASS = YES_ERROR;
				CLANG_WARN_RANGE_LOOP_ANALYSIS = YES;
				CLANG_WARN_STRICT_PROTOTYPES = YES;
				CLANG_WARN_SUSPICIOUS_MOVE = YES;
				CLANG_WARN_UNGUARDED_AVAILABILITY = YES_AGGRESSIVE;
				CLANG_WARN_UNREACHABLE_CODE = YES;
				CLANG_WARN__DUPLICATE_METHOD_MATCH = YES;
				COPY_PHASE_STRIP = NO;
				DEBUG_INFORMATION_FORMAT = "dwarf-with-dsym";
				ENABLE_NS_ASSERTIONS = NO;
				ENABLE_STRICT_OBJC_MSGSEND = YES;
				GCC_C_LANGUAGE_STANDARD = gnu11;
				GCC_NO_COMMON_BLOCKS = YES;
				GCC_WARN_64_TO_32_BIT_CONVERSION = YES;
				GCC_WARN_ABOUT_RETURN_TYPE = YES_ERROR;
				GCC_WARN_UNDECLARED_SELECTOR = YES;
				GCC_WARN_UNINITIALIZED_AUTOS = YES_AGGRESSIVE;
				GCC_WARN_UNUSED_FUNCTION = YES;
				GCC_WARN_UNUSED_VARIABLE = YES;
				IPHONEOS_DEPLOYMENT_TARGET = 13.4;
				MTL_ENABLE_DEBUG_INFO = NO;
				MTL_FAST_MATH = YES;
				SDKROOT = iphoneos;
				SWIFT_COMPILATION_MODE = wholemodule;
				SWIFT_OPTIMIZATION_LEVEL = "-O";
				VALIDATE_PRODUCT = YES;
			};
			name = Release;
		};
		FCC1667324378CC300BFBC05 /* Debug */ = {
			isa = XCBuildConfiguration;
			buildSettings = {
				ASSETCATALOG_COMPILER_APPICON_NAME = AppIcon;
				CODE_SIGN_STYLE = Automatic;
				INFOPLIST_FILE = "Covid19 Monitoring/Info.plist";
				LD_RUNPATH_SEARCH_PATHS = (
					"$(inherited)",
					"@executable_path/Frameworks",
				);
				PRODUCT_BUNDLE_IDENTIFIER = "com.omrobbie.Covid19-Monitoring";
				PRODUCT_NAME = "$(TARGET_NAME)";
				SWIFT_VERSION = 5.0;
				TARGETED_DEVICE_FAMILY = 1;
			};
			name = Debug;
		};
		FCC1667424378CC300BFBC05 /* Release */ = {
			isa = XCBuildConfiguration;
			buildSettings = {
				ASSETCATALOG_COMPILER_APPICON_NAME = AppIcon;
				CODE_SIGN_STYLE = Automatic;
				INFOPLIST_FILE = "Covid19 Monitoring/Info.plist";
				LD_RUNPATH_SEARCH_PATHS = (
					"$(inherited)",
					"@executable_path/Frameworks",
				);
				PRODUCT_BUNDLE_IDENTIFIER = "com.omrobbie.Covid19-Monitoring";
				PRODUCT_NAME = "$(TARGET_NAME)";
				SWIFT_VERSION = 5.0;
				TARGETED_DEVICE_FAMILY = 1;
			};
			name = Release;
		};
/* End XCBuildConfiguration section */

/* Begin XCConfigurationList section */
		FCC1665924378CC200BFBC05 /* Build configuration list for PBXProject "Covid19 Monitoring" */ = {
			isa = XCConfigurationList;
			buildConfigurations = (
				FCC1667024378CC300BFBC05 /* Debug */,
				FCC1667124378CC300BFBC05 /* Release */,
			);
			defaultConfigurationIsVisible = 0;
			defaultConfigurationName = Release;
		};
		FCC1667224378CC300BFBC05 /* Build configuration list for PBXNativeTarget "Covid19 Monitoring" */ = {
			isa = XCConfigurationList;
			buildConfigurations = (
				FCC1667324378CC300BFBC05 /* Debug */,
				FCC1667424378CC300BFBC05 /* Release */,
			);
			defaultConfigurationIsVisible = 0;
			defaultConfigurationName = Release;
		};
/* End XCConfigurationList section */
	};
	rootObject = FCC1665624378CC200BFBC05 /* Project object */;
}
